// !$*UTF8*$!
{
	archiveVersion = 1;
	classes = {
	};
	objectVersion = 56;
	objects = {

/* Begin PBXBuildFile section */
		B8726AF72AFCAFCB0084B49C /* AppDelegate.swift in Sources */ = {isa = PBXBuildFile; fileRef = B8726AF62AFCAFCB0084B49C /* AppDelegate.swift */; };
		B8726AF92AFCAFCB0084B49C /* SceneDelegate.swift in Sources */ = {isa = PBXBuildFile; fileRef = B8726AF82AFCAFCB0084B49C /* SceneDelegate.swift */; };
		B8726AFB2AFCAFCB0084B49C /* MainViewController.swift in Sources */ = {isa = PBXBuildFile; fileRef = B8726AFA2AFCAFCB0084B49C /* MainViewController.swift */; };
		B8726B002AFCAFCC0084B49C /* Assets.xcassets in Resources */ = {isa = PBXBuildFile; fileRef = B8726AFF2AFCAFCC0084B49C /* Assets.xcassets */; };
		B8726B0B2AFCB1CF0084B49C /* PokemonData.swift in Sources */ = {isa = PBXBuildFile; fileRef = B8726B0A2AFCB1CF0084B49C /* PokemonData.swift */; };
		B8726B0E2AFCB2AB0084B49C /* Pokemon.swift in Sources */ = {isa = PBXBuildFile; fileRef = B8726B0D2AFCB2AB0084B49C /* Pokemon.swift */; };
		B8726B142AFCC1F80084B49C /* MainView.swift in Sources */ = {isa = PBXBuildFile; fileRef = B8726B132AFCC1F80084B49C /* MainView.swift */; };
		B8726B172AFCC27C0084B49C /* SnapKit in Frameworks */ = {isa = PBXBuildFile; productRef = B8726B162AFCC27C0084B49C /* SnapKit */; };
		B8726B192AFCCAEE0084B49C /* TypeCollectionViewCell.swift in Sources */ = {isa = PBXBuildFile; fileRef = B8726B182AFCCAEE0084B49C /* TypeCollectionViewCell.swift */; };
		B8726B1B2AFD1CB60084B49C /* pokemonNames.csv in Resources */ = {isa = PBXBuildFile; fileRef = B8726B1A2AFD1CB60084B49C /* pokemonNames.csv */; };
/* End PBXBuildFile section */

/* Begin PBXFileReference section */
		B8726AF32AFCAFCB0084B49C /* PokemonTypeQuiz.app */ = {isa = PBXFileReference; explicitFileType = wrapper.application; includeInIndex = 0; path = PokemonTypeQuiz.app; sourceTree = BUILT_PRODUCTS_DIR; };
		B8726AF62AFCAFCB0084B49C /* AppDelegate.swift */ = {isa = PBXFileReference; lastKnownFileType = sourcecode.swift; path = AppDelegate.swift; sourceTree = "<group>"; };
		B8726AF82AFCAFCB0084B49C /* SceneDelegate.swift */ = {isa = PBXFileReference; lastKnownFileType = sourcecode.swift; path = SceneDelegate.swift; sourceTree = "<group>"; };
		B8726AFA2AFCAFCB0084B49C /* MainViewController.swift */ = {isa = PBXFileReference; lastKnownFileType = sourcecode.swift; path = MainViewController.swift; sourceTree = "<group>"; };
		B8726AFF2AFCAFCC0084B49C /* Assets.xcassets */ = {isa = PBXFileReference; lastKnownFileType = folder.assetcatalog; path = Assets.xcassets; sourceTree = "<group>"; };
		B8726B042AFCAFCC0084B49C /* Info.plist */ = {isa = PBXFileReference; lastKnownFileType = text.plist.xml; path = Info.plist; sourceTree = "<group>"; };
		B8726B0A2AFCB1CF0084B49C /* PokemonData.swift */ = {isa = PBXFileReference; lastKnownFileType = sourcecode.swift; path = PokemonData.swift; sourceTree = "<group>"; };
		B8726B0D2AFCB2AB0084B49C /* Pokemon.swift */ = {isa = PBXFileReference; lastKnownFileType = sourcecode.swift; path = Pokemon.swift; sourceTree = "<group>"; };
		B8726B132AFCC1F80084B49C /* MainView.swift */ = {isa = PBXFileReference; lastKnownFileType = sourcecode.swift; path = MainView.swift; sourceTree = "<group>"; };
		B8726B182AFCCAEE0084B49C /* TypeCollectionViewCell.swift */ = {isa = PBXFileReference; lastKnownFileType = sourcecode.swift; path = TypeCollectionViewCell.swift; sourceTree = "<group>"; };
		B8726B1A2AFD1CB60084B49C /* pokemonNames.csv */ = {isa = PBXFileReference; fileEncoding = 4; lastKnownFileType = text; path = pokemonNames.csv; sourceTree = "<group>"; };
/* End PBXFileReference section */

/* Begin PBXFrameworksBuildPhase section */
		B8726AF02AFCAFCB0084B49C /* Frameworks */ = {
			isa = PBXFrameworksBuildPhase;
			buildActionMask = 2147483647;
			files = (
				B8726B172AFCC27C0084B49C /* SnapKit in Frameworks */,
			);
			runOnlyForDeploymentPostprocessing = 0;
		};
/* End PBXFrameworksBuildPhase section */

/* Begin PBXGroup section */
		B8726AEA2AFCAFCB0084B49C = {
			isa = PBXGroup;
			children = (
				B8726AF52AFCAFCB0084B49C /* PokemonTypeQuiz */,
				B8726AF42AFCAFCB0084B49C /* Products */,
			);
			sourceTree = "<group>";
		};
		B8726AF42AFCAFCB0084B49C /* Products */ = {
			isa = PBXGroup;
			children = (
				B8726AF32AFCAFCB0084B49C /* PokemonTypeQuiz.app */,
			);
			name = Products;
			sourceTree = "<group>";
		};
		B8726AF52AFCAFCB0084B49C /* PokemonTypeQuiz */ = {
			isa = PBXGroup;
			children = (
				B8726B0C2AFCB29E0084B49C /* Model */,
				B8726AF62AFCAFCB0084B49C /* AppDelegate.swift */,
				B8726AF82AFCAFCB0084B49C /* SceneDelegate.swift */,
				B8726AFA2AFCAFCB0084B49C /* MainViewController.swift */,
				B8726AFF2AFCAFCC0084B49C /* Assets.xcassets */,
				B8726B042AFCAFCC0084B49C /* Info.plist */,
				B8726B0A2AFCB1CF0084B49C /* PokemonData.swift */,
				B8726B132AFCC1F80084B49C /* MainView.swift */,
				B8726B182AFCCAEE0084B49C /* TypeCollectionViewCell.swift */,
			);
			path = PokemonTypeQuiz;
			sourceTree = "<group>";
		};
		B8726B0C2AFCB29E0084B49C /* Model */ = {
			isa = PBXGroup;
			children = (
				B8726B1A2AFD1CB60084B49C /* pokemonNames.csv */,
				B8726B0D2AFCB2AB0084B49C /* Pokemon.swift */,
			);
			path = Model;
			sourceTree = "<group>";
		};
/* End PBXGroup section */

/* Begin PBXNativeTarget section */
		B8726AF22AFCAFCB0084B49C /* PokemonTypeQuiz */ = {
			isa = PBXNativeTarget;
			buildConfigurationList = B8726B072AFCAFCC0084B49C /* Build configuration list for PBXNativeTarget "PokemonTypeQuiz" */;
			buildPhases = (
				B8726AEF2AFCAFCB0084B49C /* Sources */,
				B8726AF02AFCAFCB0084B49C /* Frameworks */,
				B8726AF12AFCAFCB0084B49C /* Resources */,
			);
			buildRules = (
			);
			dependencies = (
			);
			name = PokemonTypeQuiz;
			packageProductDependencies = (
				B8726B162AFCC27C0084B49C /* SnapKit */,
			);
			productName = PokemonTypeQuiz;
			productReference = B8726AF32AFCAFCB0084B49C /* PokemonTypeQuiz.app */;
			productType = "com.apple.product-type.application";
		};
/* End PBXNativeTarget section */

/* Begin PBXProject section */
		B8726AEB2AFCAFCB0084B49C /* Project object */ = {
			isa = PBXProject;
			attributes = {
				BuildIndependentTargetsInParallel = 1;
				LastSwiftUpdateCheck = 1500;
				LastUpgradeCheck = 1500;
				TargetAttributes = {
					B8726AF22AFCAFCB0084B49C = {
						CreatedOnToolsVersion = 15.0;
					};
				};
			};
			buildConfigurationList = B8726AEE2AFCAFCB0084B49C /* Build configuration list for PBXProject "PokemonTypeQuiz" */;
			compatibilityVersion = "Xcode 14.0";
			developmentRegion = en;
			hasScannedForEncodings = 0;
			knownRegions = (
				en,
				Base,
			);
			mainGroup = B8726AEA2AFCAFCB0084B49C;
			packageReferences = (
				B8726B152AFCC27C0084B49C /* XCRemoteSwiftPackageReference "SnapKit" */,
			);
			productRefGroup = B8726AF42AFCAFCB0084B49C /* Products */;
			projectDirPath = "";
			projectRoot = "";
			targets = (
				B8726AF22AFCAFCB0084B49C /* PokemonTypeQuiz */,
			);
		};
/* End PBXProject section */

/* Begin PBXResourcesBuildPhase section */
		B8726AF12AFCAFCB0084B49C /* Resources */ = {
			isa = PBXResourcesBuildPhase;
			buildActionMask = 2147483647;
			files = (
				B8726B002AFCAFCC0084B49C /* Assets.xcassets in Resources */,
				B8726B1B2AFD1CB60084B49C /* pokemonNames.csv in Resources */,
			);
			runOnlyForDeploymentPostprocessing = 0;
		};
/* End PBXResourcesBuildPhase section */

/* Begin PBXSourcesBuildPhase section */
		B8726AEF2AFCAFCB0084B49C /* Sources */ = {
			isa = PBXSourcesBuildPhase;
			buildActionMask = 2147483647;
			files = (
				B8726B0E2AFCB2AB0084B49C /* Pokemon.swift in Sources */,
				B8726B142AFCC1F80084B49C /* MainView.swift in Sources */,
				B8726AFB2AFCAFCB0084B49C /* MainViewController.swift in Sources */,
				B8726B192AFCCAEE0084B49C /* TypeCollectionViewCell.swift in Sources */,
				B8726AF72AFCAFCB0084B49C /* AppDelegate.swift in Sources */,
				B8726AF92AFCAFCB0084B49C /* SceneDelegate.swift in Sources */,
				B8726B0B2AFCB1CF0084B49C /* PokemonData.swift in Sources */,
			);
			runOnlyForDeploymentPostprocessing = 0;
		};
/* End PBXSourcesBuildPhase section */

/* Begin XCBuildConfiguration section */
		B8726B052AFCAFCC0084B49C /* Debug */ = {
			isa = XCBuildConfiguration;
			buildSettings = {
				ALWAYS_SEARCH_USER_PATHS = NO;
				ASSETCATALOG_COMPILER_GENERATE_SWIFT_ASSET_SYMBOL_EXTENSIONS = YES;
				CLANG_ANALYZER_NONNULL = YES;
				CLANG_ANALYZER_NUMBER_OBJECT_CONVERSION = YES_AGGRESSIVE;
				CLANG_CXX_LANGUAGE_STANDARD = "gnu++20";
				CLANG_ENABLE_MODULES = YES;
				CLANG_ENABLE_OBJC_ARC = YES;
				CLANG_ENABLE_OBJC_WEAK = YES;
				CLANG_WARN_BLOCK_CAPTURE_AUTORELEASING = YES;
				CLANG_WARN_BOOL_CONVERSION = YES;
				CLANG_WARN_COMMA = YES;
				CLANG_WARN_CONSTANT_CONVERSION = YES;
				CLANG_WARN_DEPRECATED_OBJC_IMPLEMENTATIONS = YES;
				CLANG_WARN_DIRECT_OBJC_ISA_USAGE = YES_ERROR;
				CLANG_WARN_DOCUMENTATION_COMMENTS = YES;
				CLANG_WARN_EMPTY_BODY = YES;
				CLANG_WARN_ENUM_CONVERSION = YES;
				CLANG_WARN_INFINITE_RECURSION = YES;
				CLANG_WARN_INT_CONVERSION = YES;
				CLANG_WARN_NON_LITERAL_NULL_CONVERSION = YES;
				CLANG_WARN_OBJC_IMPLICIT_RETAIN_SELF = YES;
				CLANG_WARN_OBJC_LITERAL_CONVERSION = YES;
				CLANG_WARN_OBJC_ROOT_CLASS = YES_ERROR;
				CLANG_WARN_QUOTED_INCLUDE_IN_FRAMEWORK_HEADER = YES;
				CLANG_WARN_RANGE_LOOP_ANALYSIS = YES;
				CLANG_WARN_STRICT_PROTOTYPES = YES;
				CLANG_WARN_SUSPICIOUS_MOVE = YES;
				CLANG_WARN_UNGUARDED_AVAILABILITY = YES_AGGRESSIVE;
				CLANG_WARN_UNREACHABLE_CODE = YES;
				CLANG_WARN__DUPLICATE_METHOD_MATCH = YES;
				COPY_PHASE_STRIP = NO;
				DEBUG_INFORMATION_FORMAT = dwarf;
				ENABLE_STRICT_OBJC_MSGSEND = YES;
				ENABLE_TESTABILITY = YES;
				ENABLE_USER_SCRIPT_SANDBOXING = YES;
				GCC_C_LANGUAGE_STANDARD = gnu17;
				GCC_DYNAMIC_NO_PIC = NO;
				GCC_NO_COMMON_BLOCKS = YES;
				GCC_OPTIMIZATION_LEVEL = 0;
				GCC_PREPROCESSOR_DEFINITIONS = (
					"DEBUG=1",
					"$(inherited)",
				);
				GCC_WARN_64_TO_32_BIT_CONVERSION = YES;
				GCC_WARN_ABOUT_RETURN_TYPE = YES_ERROR;
				GCC_WARN_UNDECLARED_SELECTOR = YES;
				GCC_WARN_UNINITIALIZED_AUTOS = YES_AGGRESSIVE;
				GCC_WARN_UNUSED_FUNCTION = YES;
				GCC_WARN_UNUSED_VARIABLE = YES;
				IPHONEOS_DEPLOYMENT_TARGET = 17.0;
				LOCALIZATION_PREFERS_STRING_CATALOGS = YES;
				MTL_ENABLE_DEBUG_INFO = INCLUDE_SOURCE;
				MTL_FAST_MATH = YES;
				ONLY_ACTIVE_ARCH = YES;
				SDKROOT = iphoneos;
				SWIFT_ACTIVE_COMPILATION_CONDITIONS = "DEBUG $(inherited)";
				SWIFT_OPTIMIZATION_LEVEL = "-Onone";
			};
			name = Debug;
		};
		B8726B062AFCAFCC0084B49C /* Release */ = {
			isa = XCBuildConfiguration;
			buildSettings = {
				ALWAYS_SEARCH_USER_PATHS = NO;
				ASSETCATALOG_COMPILER_GENERATE_SWIFT_ASSET_SYMBOL_EXTENSIONS = YES;
				CLANG_ANALYZER_NONNULL = YES;
				CLANG_ANALYZER_NUMBER_OBJECT_CONVERSION = YES_AGGRESSIVE;
				CLANG_CXX_LANGUAGE_STANDARD = "gnu++20";
				CLANG_ENABLE_MODULES = YES;
				CLANG_ENABLE_OBJC_ARC = YES;
				CLANG_ENABLE_OBJC_WEAK = YES;
				CLANG_WARN_BLOCK_CAPTURE_AUTORELEASING = YES;
				CLANG_WARN_BOOL_CONVERSION = YES;
				CLANG_WARN_COMMA = YES;
				CLANG_WARN_CONSTANT_CONVERSION = YES;
				CLANG_WARN_DEPRECATED_OBJC_IMPLEMENTATIONS = YES;
				CLANG_WARN_DIRECT_OBJC_ISA_USAGE = YES_ERROR;
				CLANG_WARN_DOCUMENTATION_COMMENTS = YES;
				CLANG_WARN_EMPTY_BODY = YES;
				CLANG_WARN_ENUM_CONVERSION = YES;
				CLANG_WARN_INFINITE_RECURSION = YES;
				CLANG_WARN_INT_CONVERSION = YES;
				CLANG_WARN_NON_LITERAL_NULL_CONVERSION = YES;
				CLANG_WARN_OBJC_IMPLICIT_RETAIN_SELF = YES;
				CLANG_WARN_OBJC_LITERAL_CONVERSION = YES;
				CLANG_WARN_OBJC_ROOT_CLASS = YES_ERROR;
				CLANG_WARN_QUOTED_INCLUDE_IN_FRAMEWORK_HEADER = YES;
				CLANG_WARN_RANGE_LOOP_ANALYSIS = YES;
				CLANG_WARN_STRICT_PROTOTYPES = YES;
				CLANG_WARN_SUSPICIOUS_MOVE = YES;
				CLANG_WARN_UNGUARDED_AVAILABILITY = YES_AGGRESSIVE;
				CLANG_WARN_UNREACHABLE_CODE = YES;
				CLANG_WARN__DUPLICATE_METHOD_MATCH = YES;
				COPY_PHASE_STRIP = NO;
				DEBUG_INFORMATION_FORMAT = "dwarf-with-dsym";
				ENABLE_NS_ASSERTIONS = NO;
				ENABLE_STRICT_OBJC_MSGSEND = YES;
				ENABLE_USER_SCRIPT_SANDBOXING = YES;
				GCC_C_LANGUAGE_STANDARD = gnu17;
				GCC_NO_COMMON_BLOCKS = YES;
				GCC_WARN_64_TO_32_BIT_CONVERSION = YES;
				GCC_WARN_ABOUT_RETURN_TYPE = YES_ERROR;
				GCC_WARN_UNDECLARED_SELECTOR = YES;
				GCC_WARN_UNINITIALIZED_AUTOS = YES_AGGRESSIVE;
				GCC_WARN_UNUSED_FUNCTION = YES;
				GCC_WARN_UNUSED_VARIABLE = YES;
				IPHONEOS_DEPLOYMENT_TARGET = 17.0;
				LOCALIZATION_PREFERS_STRING_CATALOGS = YES;
				MTL_ENABLE_DEBUG_INFO = NO;
				MTL_FAST_MATH = YES;
				SDKROOT = iphoneos;
				SWIFT_COMPILATION_MODE = wholemodule;
				VALIDATE_PRODUCT = YES;
			};
			name = Release;
		};
		B8726B082AFCAFCC0084B49C /* Debug */ = {
			isa = XCBuildConfiguration;
			buildSettings = {
				ASSETCATALOG_COMPILER_APPICON_NAME = AppIcon;
				ASSETCATALOG_COMPILER_GLOBAL_ACCENT_COLOR_NAME = AccentColor;
				CODE_SIGN_STYLE = Automatic;
				CURRENT_PROJECT_VERSION = 1;
				DEVELOPMENT_TEAM = RCM87YWJ79;
				GENERATE_INFOPLIST_FILE = YES;
				INFOPLIST_FILE = PokemonTypeQuiz/Info.plist;
				INFOPLIST_KEY_UIApplicationSupportsIndirectInputEvents = YES;
				INFOPLIST_KEY_UILaunchStoryboardName = LaunchScreen;
				INFOPLIST_KEY_UISupportedInterfaceOrientations_iPad = "UIInterfaceOrientationPortrait UIInterfaceOrientationPortraitUpsideDown UIInterfaceOrientationLandscapeLeft UIInterfaceOrientationLandscapeRight";
				INFOPLIST_KEY_UISupportedInterfaceOrientations_iPhone = "UIInterfaceOrientationPortrait UIInterfaceOrientationLandscapeLeft UIInterfaceOrientationLandscapeRight";
				IPHONEOS_DEPLOYMENT_TARGET = 16.0;
				LD_RUNPATH_SEARCH_PATHS = (
					"$(inherited)",
					"@executable_path/Frameworks",
				);
				MARKETING_VERSION = 1.0;
				PRODUCT_BUNDLE_IDENTIFIER = kybeen.PokemonTypeQuiz;
				PRODUCT_NAME = "$(TARGET_NAME)";
				SWIFT_EMIT_LOC_STRINGS = YES;
				SWIFT_VERSION = 5.0;
				TARGETED_DEVICE_FAMILY = "1,2";
			};
			name = Debug;
		};
		B8726B092AFCAFCC0084B49C /* Release */ = {
			isa = XCBuildConfiguration;
			buildSettings = {
				ASSETCATALOG_COMPILER_APPICON_NAME = AppIcon;
				ASSETCATALOG_COMPILER_GLOBAL_ACCENT_COLOR_NAME = AccentColor;
				CODE_SIGN_STYLE = Automatic;
				CURRENT_PROJECT_VERSION = 1;
				DEVELOPMENT_TEAM = RCM87YWJ79;
				GENERATE_INFOPLIST_FILE = YES;
				INFOPLIST_FILE = PokemonTypeQuiz/Info.plist;
				INFOPLIST_KEY_UIApplicationSupportsIndirectInputEvents = YES;
				INFOPLIST_KEY_UILaunchStoryboardName = LaunchScreen;
				INFOPLIST_KEY_UISupportedInterfaceOrientations_iPad = "UIInterfaceOrientationPortrait UIInterfaceOrientationPortraitUpsideDown UIInterfaceOrientationLandscapeLeft UIInterfaceOrientationLandscapeRight";
				INFOPLIST_KEY_UISupportedInterfaceOrientations_iPhone = "UIInterfaceOrientationPortrait UIInterfaceOrientationLandscapeLeft UIInterfaceOrientationLandscapeRight";
				IPHONEOS_DEPLOYMENT_TARGET = 16.0;
				LD_RUNPATH_SEARCH_PATHS = (
					"$(inherited)",
					"@executable_path/Frameworks",
				);
				MARKETING_VERSION = 1.0;
				PRODUCT_BUNDLE_IDENTIFIER = kybeen.PokemonTypeQuiz;
				PRODUCT_NAME = "$(TARGET_NAME)";
				SWIFT_EMIT_LOC_STRINGS = YES;
				SWIFT_VERSION = 5.0;
				TARGETED_DEVICE_FAMILY = "1,2";
			};
			name = Release;
		};
/* End XCBuildConfiguration section */

/* Begin XCConfigurationList section */
		B8726AEE2AFCAFCB0084B49C /* Build configuration list for PBXProject "PokemonTypeQuiz" */ = {
			isa = XCConfigurationList;
			buildConfigurations = (
				B8726B052AFCAFCC0084B49C /* Debug */,
				B8726B062AFCAFCC0084B49C /* Release */,
			);
			defaultConfigurationIsVisible = 0;
			defaultConfigurationName = Release;
		};
		B8726B072AFCAFCC0084B49C /* Build configuration list for PBXNativeTarget "PokemonTypeQuiz" */ = {
			isa = XCConfigurationList;
			buildConfigurations = (
				B8726B082AFCAFCC0084B49C /* Debug */,
				B8726B092AFCAFCC0084B49C /* Release */,
			);
			defaultConfigurationIsVisible = 0;
			defaultConfigurationName = Release;
		};
/* End XCConfigurationList section */

/* Begin XCRemoteSwiftPackageReference section */
		B8726B152AFCC27C0084B49C /* XCRemoteSwiftPackageReference "SnapKit" */ = {
			isa = XCRemoteSwiftPackageReference;
			repositoryURL = "https://github.com/SnapKit/SnapKit";
			requirement = {
				kind = upToNextMajorVersion;
				minimumVersion = 5.6.0;
			};
		};
/* End XCRemoteSwiftPackageReference section */

/* Begin XCSwiftPackageProductDependency section */
		B8726B162AFCC27C0084B49C /* SnapKit */ = {
			isa = XCSwiftPackageProductDependency;
			package = B8726B152AFCC27C0084B49C /* XCRemoteSwiftPackageReference "SnapKit" */;
			productName = SnapKit;
		};
/* End XCSwiftPackageProductDependency section */
	};
	rootObject = B8726AEB2AFCAFCB0084B49C /* Project object */;
}
