// !$*UTF8*$!
{
	archiveVersion = 1;
	classes = {
	};
	objectVersion = 56;
	objects = {

/* Begin PBXBuildFile section */
		B82155BE2BB411BD0062111D /* RxCocoa in Frameworks */ = {isa = PBXBuildFile; productRef = B82155BD2BB411BD0062111D /* RxCocoa */; };
		B82155C02BB411BD0062111D /* RxRelay in Frameworks */ = {isa = PBXBuildFile; productRef = B82155BF2BB411BD0062111D /* RxRelay */; };
		B82155C22BB411BD0062111D /* RxSwift in Frameworks */ = {isa = PBXBuildFile; productRef = B82155C12BB411BD0062111D /* RxSwift */; };
		B82155C72BB4128C0062111D /* String+Extension.swift in Sources */ = {isa = PBXBuildFile; fileRef = B82155C62BB4128C0062111D /* String+Extension.swift */; };
		B82155CC2BB413310062111D /* PokemonType.swift in Sources */ = {isa = PBXBuildFile; fileRef = B82155CB2BB413310062111D /* PokemonType.swift */; };
		B82155D82BB4625C0062111D /* Int+Extension.swift in Sources */ = {isa = PBXBuildFile; fileRef = B82155D72BB4625C0062111D /* Int+Extension.swift */; };
		B82155DB2BB463B50062111D /* PokemonAPIService.swift in Sources */ = {isa = PBXBuildFile; fileRef = B82155DA2BB463B50062111D /* PokemonAPIService.swift */; };
		B82155DD2BB464080062111D /* PokemonInfo.swift in Sources */ = {isa = PBXBuildFile; fileRef = B82155DC2BB464080062111D /* PokemonInfo.swift */; };
		B82155DF2BB47BD80062111D /* QuizViewModel.swift in Sources */ = {isa = PBXBuildFile; fileRef = B82155DE2BB47BD80062111D /* QuizViewModel.swift */; };
		B82155E22BB53A770062111D /* BaseViewController.swift in Sources */ = {isa = PBXBuildFile; fileRef = B82155E12BB53A770062111D /* BaseViewController.swift */; };
		B8726AF72AFCAFCB0084B49C /* AppDelegate.swift in Sources */ = {isa = PBXBuildFile; fileRef = B8726AF62AFCAFCB0084B49C /* AppDelegate.swift */; };
		B8726AF92AFCAFCB0084B49C /* SceneDelegate.swift in Sources */ = {isa = PBXBuildFile; fileRef = B8726AF82AFCAFCB0084B49C /* SceneDelegate.swift */; };
		B8726AFB2AFCAFCB0084B49C /* QuizViewController.swift in Sources */ = {isa = PBXBuildFile; fileRef = B8726AFA2AFCAFCB0084B49C /* QuizViewController.swift */; };
		B8726B002AFCAFCC0084B49C /* Assets.xcassets in Resources */ = {isa = PBXBuildFile; fileRef = B8726AFF2AFCAFCC0084B49C /* Assets.xcassets */; };
		B8726B0E2AFCB2AB0084B49C /* PokemonDTO.swift in Sources */ = {isa = PBXBuildFile; fileRef = B8726B0D2AFCB2AB0084B49C /* PokemonDTO.swift */; };
		B8726B142AFCC1F80084B49C /* QuizView.swift in Sources */ = {isa = PBXBuildFile; fileRef = B8726B132AFCC1F80084B49C /* QuizView.swift */; };
		B8726B172AFCC27C0084B49C /* SnapKit in Frameworks */ = {isa = PBXBuildFile; productRef = B8726B162AFCC27C0084B49C /* SnapKit */; };
		B8726B192AFCCAEE0084B49C /* TypeCollectionViewCell.swift in Sources */ = {isa = PBXBuildFile; fileRef = B8726B182AFCCAEE0084B49C /* TypeCollectionViewCell.swift */; };
		B8726B1B2AFD1CB60084B49C /* pokemonNames.csv in Resources */ = {isa = PBXBuildFile; fileRef = B8726B1A2AFD1CB60084B49C /* pokemonNames.csv */; };
		B8BA7A902BDAA32900B60B3D /* PokemonRepository.swift in Sources */ = {isa = PBXBuildFile; fileRef = B8BA7A8F2BDAA32900B60B3D /* PokemonRepository.swift */; };
/* End PBXBuildFile section */

/* Begin PBXFileReference section */
		B82155C62BB4128C0062111D /* String+Extension.swift */ = {isa = PBXFileReference; lastKnownFileType = sourcecode.swift; path = "String+Extension.swift"; sourceTree = "<group>"; };
		B82155CB2BB413310062111D /* PokemonType.swift */ = {isa = PBXFileReference; lastKnownFileType = sourcecode.swift; path = PokemonType.swift; sourceTree = "<group>"; };
		B82155D72BB4625C0062111D /* Int+Extension.swift */ = {isa = PBXFileReference; lastKnownFileType = sourcecode.swift; path = "Int+Extension.swift"; sourceTree = "<group>"; };
		B82155DA2BB463B50062111D /* PokemonAPIService.swift */ = {isa = PBXFileReference; lastKnownFileType = sourcecode.swift; path = PokemonAPIService.swift; sourceTree = "<group>"; };
		B82155DC2BB464080062111D /* PokemonInfo.swift */ = {isa = PBXFileReference; lastKnownFileType = sourcecode.swift; path = PokemonInfo.swift; sourceTree = "<group>"; };
		B82155DE2BB47BD80062111D /* QuizViewModel.swift */ = {isa = PBXFileReference; lastKnownFileType = sourcecode.swift; path = QuizViewModel.swift; sourceTree = "<group>"; };
		B82155E12BB53A770062111D /* BaseViewController.swift */ = {isa = PBXFileReference; lastKnownFileType = sourcecode.swift; path = BaseViewController.swift; sourceTree = "<group>"; };
		B8726AF32AFCAFCB0084B49C /* PokemonTypeQuiz.app */ = {isa = PBXFileReference; explicitFileType = wrapper.application; includeInIndex = 0; path = PokemonTypeQuiz.app; sourceTree = BUILT_PRODUCTS_DIR; };
		B8726AF62AFCAFCB0084B49C /* AppDelegate.swift */ = {isa = PBXFileReference; lastKnownFileType = sourcecode.swift; path = AppDelegate.swift; sourceTree = "<group>"; };
		B8726AF82AFCAFCB0084B49C /* SceneDelegate.swift */ = {isa = PBXFileReference; lastKnownFileType = sourcecode.swift; path = SceneDelegate.swift; sourceTree = "<group>"; };
		B8726AFA2AFCAFCB0084B49C /* QuizViewController.swift */ = {isa = PBXFileReference; lastKnownFileType = sourcecode.swift; path = QuizViewController.swift; sourceTree = "<group>"; };
		B8726AFF2AFCAFCC0084B49C /* Assets.xcassets */ = {isa = PBXFileReference; lastKnownFileType = folder.assetcatalog; path = Assets.xcassets; sourceTree = "<group>"; };
		B8726B042AFCAFCC0084B49C /* Info.plist */ = {isa = PBXFileReference; lastKnownFileType = text.plist.xml; path = Info.plist; sourceTree = "<group>"; };
		B8726B0D2AFCB2AB0084B49C /* PokemonDTO.swift */ = {isa = PBXFileReference; lastKnownFileType = sourcecode.swift; path = PokemonDTO.swift; sourceTree = "<group>"; };
		B8726B132AFCC1F80084B49C /* QuizView.swift */ = {isa = PBXFileReference; lastKnownFileType = sourcecode.swift; path = QuizView.swift; sourceTree = "<group>"; };
		B8726B182AFCCAEE0084B49C /* TypeCollectionViewCell.swift */ = {isa = PBXFileReference; lastKnownFileType = sourcecode.swift; path = TypeCollectionViewCell.swift; sourceTree = "<group>"; };
		B8726B1A2AFD1CB60084B49C /* pokemonNames.csv */ = {isa = PBXFileReference; fileEncoding = 4; lastKnownFileType = text; path = pokemonNames.csv; sourceTree = "<group>"; };
		B8BA7A8F2BDAA32900B60B3D /* PokemonRepository.swift */ = {isa = PBXFileReference; lastKnownFileType = sourcecode.swift; path = PokemonRepository.swift; sourceTree = "<group>"; };
/* End PBXFileReference section */

/* Begin PBXFrameworksBuildPhase section */
		B8726AF02AFCAFCB0084B49C /* Frameworks */ = {
			isa = PBXFrameworksBuildPhase;
			buildActionMask = 2147483647;
			files = (
				B82155BE2BB411BD0062111D /* RxCocoa in Frameworks */,
				B8726B172AFCC27C0084B49C /* SnapKit in Frameworks */,
				B82155C22BB411BD0062111D /* RxSwift in Frameworks */,
				B82155C02BB411BD0062111D /* RxRelay in Frameworks */,
			);
			runOnlyForDeploymentPostprocessing = 0;
		};
/* End PBXFrameworksBuildPhase section */

/* Begin PBXGroup section */
		B82155B22BB405F10062111D /* Resources */ = {
			isa = PBXGroup;
			children = (
				B8726B1A2AFD1CB60084B49C /* pokemonNames.csv */,
				B8726AFF2AFCAFCC0084B49C /* Assets.xcassets */,
				B8726B042AFCAFCC0084B49C /* Info.plist */,
			);
			path = Resources;
			sourceTree = "<group>";
		};
		B82155B32BB405FB0062111D /* Sources */ = {
			isa = PBXGroup;
			children = (
				B8726AF62AFCAFCB0084B49C /* AppDelegate.swift */,
				B8726AF82AFCAFCB0084B49C /* SceneDelegate.swift */,
				B82155C52BB412780062111D /* Utils */,
				B82155B52BB406220062111D /* Presentation */,
				B82155B42BB4061D0062111D /* Domain */,
				B8726B0C2AFCB29E0084B49C /* Data */,
			);
			path = Sources;
			sourceTree = "<group>";
		};
		B82155B42BB4061D0062111D /* Domain */ = {
			isa = PBXGroup;
			children = (
				B82155EA2BB594280062111D /* Interface */,
				B82155E92BB593EC0062111D /* UseCase */,
				B82155CA2BB413260062111D /* Model */,
			);
			path = Domain;
			sourceTree = "<group>";
		};
		B82155B52BB406220062111D /* Presentation */ = {
			isa = PBXGroup;
			children = (
				B82155E02BB53A6E0062111D /* Base */,
				B82155B82BB406C90062111D /* Quiz */,
				B82155B72BB406C50062111D /* Common */,
			);
			path = Presentation;
			sourceTree = "<group>";
		};
		B82155B72BB406C50062111D /* Common */ = {
			isa = PBXGroup;
			children = (
				B8726B182AFCCAEE0084B49C /* TypeCollectionViewCell.swift */,
			);
			path = Common;
			sourceTree = "<group>";
		};
		B82155B82BB406C90062111D /* Quiz */ = {
			isa = PBXGroup;
			children = (
				B8726AFA2AFCAFCB0084B49C /* QuizViewController.swift */,
				B8726B132AFCC1F80084B49C /* QuizView.swift */,
				B82155DE2BB47BD80062111D /* QuizViewModel.swift */,
			);
			path = Quiz;
			sourceTree = "<group>";
		};
		B82155C52BB412780062111D /* Utils */ = {
			isa = PBXGroup;
			children = (
				B82155C62BB4128C0062111D /* String+Extension.swift */,
				B82155D72BB4625C0062111D /* Int+Extension.swift */,
			);
			path = Utils;
			sourceTree = "<group>";
		};
		B82155CA2BB413260062111D /* Model */ = {
			isa = PBXGroup;
			children = (
				B82155CB2BB413310062111D /* PokemonType.swift */,
				B82155DC2BB464080062111D /* PokemonInfo.swift */,
			);
			path = Model;
			sourceTree = "<group>";
		};
		B82155CD2BB4138C0062111D /* Entity */ = {
			isa = PBXGroup;
			children = (
				B8726B0D2AFCB2AB0084B49C /* PokemonDTO.swift */,
			);
			path = Entity;
			sourceTree = "<group>";
		};
		B82155D92BB463A40062111D /* Network */ = {
			isa = PBXGroup;
			children = (
				B82155DA2BB463B50062111D /* PokemonAPIService.swift */,
			);
			path = Network;
			sourceTree = "<group>";
		};
		B82155E02BB53A6E0062111D /* Base */ = {
			isa = PBXGroup;
			children = (
				B82155E12BB53A770062111D /* BaseViewController.swift */,
			);
			path = Base;
			sourceTree = "<group>";
		};
		B82155E92BB593EC0062111D /* UseCase */ = {
			isa = PBXGroup;
			children = (
			);
			path = UseCase;
			sourceTree = "<group>";
		};
		B82155EA2BB594280062111D /* Interface */ = {
			isa = PBXGroup;
			children = (
			);
			path = Interface;
			sourceTree = "<group>";
		};
		B82155EB2BB594350062111D /* Repository */ = {
			isa = PBXGroup;
			children = (
				B8BA7A8F2BDAA32900B60B3D /* PokemonRepository.swift */,
			);
			path = Repository;
			sourceTree = "<group>";
		};
		B8726AEA2AFCAFCB0084B49C = {
			isa = PBXGroup;
			children = (
				B8726AF52AFCAFCB0084B49C /* PokemonTypeQuiz */,
				B8726AF42AFCAFCB0084B49C /* Products */,
			);
			sourceTree = "<group>";
		};
		B8726AF42AFCAFCB0084B49C /* Products */ = {
			isa = PBXGroup;
			children = (
				B8726AF32AFCAFCB0084B49C /* PokemonTypeQuiz.app */,
			);
			name = Products;
			sourceTree = "<group>";
		};
		B8726AF52AFCAFCB0084B49C /* PokemonTypeQuiz */ = {
			isa = PBXGroup;
			children = (
				B82155B32BB405FB0062111D /* Sources */,
				B82155B22BB405F10062111D /* Resources */,
			);
			path = PokemonTypeQuiz;
			sourceTree = "<group>";
		};
		B8726B0C2AFCB29E0084B49C /* Data */ = {
			isa = PBXGroup;
			children = (
				B82155EB2BB594350062111D /* Repository */,
				B82155D92BB463A40062111D /* Network */,
				B82155CD2BB4138C0062111D /* Entity */,
			);
			path = Data;
			sourceTree = "<group>";
		};
/* End PBXGroup section */

/* Begin PBXNativeTarget section */
		B8726AF22AFCAFCB0084B49C /* PokemonTypeQuiz */ = {
			isa = PBXNativeTarget;
			buildConfigurationList = B8726B072AFCAFCC0084B49C /* Build configuration list for PBXNativeTarget "PokemonTypeQuiz" */;
			buildPhases = (
				B8726AEF2AFCAFCB0084B49C /* Sources */,
				B8726AF02AFCAFCB0084B49C /* Frameworks */,
				B8726AF12AFCAFCB0084B49C /* Resources */,
			);
			buildRules = (
			);
			dependencies = (
			);
			name = PokemonTypeQuiz;
			packageProductDependencies = (
				B8726B162AFCC27C0084B49C /* SnapKit */,
				B82155BD2BB411BD0062111D /* RxCocoa */,
				B82155BF2BB411BD0062111D /* RxRelay */,
				B82155C12BB411BD0062111D /* RxSwift */,
			);
			productName = PokemonTypeQuiz;
			productReference = B8726AF32AFCAFCB0084B49C /* PokemonTypeQuiz.app */;
			productType = "com.apple.product-type.application";
		};
/* End PBXNativeTarget section */

/* Begin PBXProject section */
		B8726AEB2AFCAFCB0084B49C /* Project object */ = {
			isa = PBXProject;
			attributes = {
				BuildIndependentTargetsInParallel = 1;
				LastSwiftUpdateCheck = 1500;
				LastUpgradeCheck = 1500;
				TargetAttributes = {
					B8726AF22AFCAFCB0084B49C = {
						CreatedOnToolsVersion = 15.0;
					};
				};
			};
			buildConfigurationList = B8726AEE2AFCAFCB0084B49C /* Build configuration list for PBXProject "PokemonTypeQuiz" */;
			compatibilityVersion = "Xcode 14.0";
			developmentRegion = en;
			hasScannedForEncodings = 0;
			knownRegions = (
				en,
				Base,
			);
			mainGroup = B8726AEA2AFCAFCB0084B49C;
			packageReferences = (
				B8726B152AFCC27C0084B49C /* XCRemoteSwiftPackageReference "SnapKit" */,
				B82155BA2BB411BD0062111D /* XCRemoteSwiftPackageReference "RxSwift" */,
			);
			productRefGroup = B8726AF42AFCAFCB0084B49C /* Products */;
			projectDirPath = "";
			projectRoot = "";
			targets = (
				B8726AF22AFCAFCB0084B49C /* PokemonTypeQuiz */,
			);
		};
/* End PBXProject section */

/* Begin PBXResourcesBuildPhase section */
		B8726AF12AFCAFCB0084B49C /* Resources */ = {
			isa = PBXResourcesBuildPhase;
			buildActionMask = 2147483647;
			files = (
				B8726B002AFCAFCC0084B49C /* Assets.xcassets in Resources */,
				B8726B1B2AFD1CB60084B49C /* pokemonNames.csv in Resources */,
			);
			runOnlyForDeploymentPostprocessing = 0;
		};
/* End PBXResourcesBuildPhase section */

/* Begin PBXSourcesBuildPhase section */
		B8726AEF2AFCAFCB0084B49C /* Sources */ = {
			isa = PBXSourcesBuildPhase;
			buildActionMask = 2147483647;
			files = (
				B82155E22BB53A770062111D /* BaseViewController.swift in Sources */,
				B8BA7A902BDAA32900B60B3D /* PokemonRepository.swift in Sources */,
				B82155DD2BB464080062111D /* PokemonInfo.swift in Sources */,
				B82155DB2BB463B50062111D /* PokemonAPIService.swift in Sources */,
				B8726B0E2AFCB2AB0084B49C /* PokemonDTO.swift in Sources */,
				B82155DF2BB47BD80062111D /* QuizViewModel.swift in Sources */,
				B82155C72BB4128C0062111D /* String+Extension.swift in Sources */,
				B8726B142AFCC1F80084B49C /* QuizView.swift in Sources */,
				B82155D82BB4625C0062111D /* Int+Extension.swift in Sources */,
				B8726AFB2AFCAFCB0084B49C /* QuizViewController.swift in Sources */,
				B8726B192AFCCAEE0084B49C /* TypeCollectionViewCell.swift in Sources */,
				B8726AF72AFCAFCB0084B49C /* AppDelegate.swift in Sources */,
				B8726AF92AFCAFCB0084B49C /* SceneDelegate.swift in Sources */,
				B82155CC2BB413310062111D /* PokemonType.swift in Sources */,
			);
			runOnlyForDeploymentPostprocessing = 0;
		};
/* End PBXSourcesBuildPhase section */

/* Begin XCBuildConfiguration section */
		B8726B052AFCAFCC0084B49C /* Debug */ = {
			isa = XCBuildConfiguration;
			buildSettings = {
				ALWAYS_SEARCH_USER_PATHS = NO;
				ASSETCATALOG_COMPILER_GENERATE_SWIFT_ASSET_SYMBOL_EXTENSIONS = YES;
				CLANG_ANALYZER_NONNULL = YES;
				CLANG_ANALYZER_NUMBER_OBJECT_CONVERSION = YES_AGGRESSIVE;
				CLANG_CXX_LANGUAGE_STANDARD = "gnu++20";
				CLANG_ENABLE_MODULES = YES;
				CLANG_ENABLE_OBJC_ARC = YES;
				CLANG_ENABLE_OBJC_WEAK = YES;
				CLANG_WARN_BLOCK_CAPTURE_AUTORELEASING = YES;
				CLANG_WARN_BOOL_CONVERSION = YES;
				CLANG_WARN_COMMA = YES;
				CLANG_WARN_CONSTANT_CONVERSION = YES;
				CLANG_WARN_DEPRECATED_OBJC_IMPLEMENTATIONS = YES;
				CLANG_WARN_DIRECT_OBJC_ISA_USAGE = YES_ERROR;
				CLANG_WARN_DOCUMENTATION_COMMENTS = YES;
				CLANG_WARN_EMPTY_BODY = YES;
				CLANG_WARN_ENUM_CONVERSION = YES;
				CLANG_WARN_INFINITE_RECURSION = YES;
				CLANG_WARN_INT_CONVERSION = YES;
				CLANG_WARN_NON_LITERAL_NULL_CONVERSION = YES;
				CLANG_WARN_OBJC_IMPLICIT_RETAIN_SELF = YES;
				CLANG_WARN_OBJC_LITERAL_CONVERSION = YES;
				CLANG_WARN_OBJC_ROOT_CLASS = YES_ERROR;
				CLANG_WARN_QUOTED_INCLUDE_IN_FRAMEWORK_HEADER = YES;
				CLANG_WARN_RANGE_LOOP_ANALYSIS = YES;
				CLANG_WARN_STRICT_PROTOTYPES = YES;
				CLANG_WARN_SUSPICIOUS_MOVE = YES;
				CLANG_WARN_UNGUARDED_AVAILABILITY = YES_AGGRESSIVE;
				CLANG_WARN_UNREACHABLE_CODE = YES;
				CLANG_WARN__DUPLICATE_METHOD_MATCH = YES;
				COPY_PHASE_STRIP = NO;
				DEBUG_INFORMATION_FORMAT = dwarf;
				ENABLE_STRICT_OBJC_MSGSEND = YES;
				ENABLE_TESTABILITY = YES;
				ENABLE_USER_SCRIPT_SANDBOXING = YES;
				GCC_C_LANGUAGE_STANDARD = gnu17;
				GCC_DYNAMIC_NO_PIC = NO;
				GCC_NO_COMMON_BLOCKS = YES;
				GCC_OPTIMIZATION_LEVEL = 0;
				GCC_PREPROCESSOR_DEFINITIONS = (
					"DEBUG=1",
					"$(inherited)",
				);
				GCC_WARN_64_TO_32_BIT_CONVERSION = YES;
				GCC_WARN_ABOUT_RETURN_TYPE = YES_ERROR;
				GCC_WARN_UNDECLARED_SELECTOR = YES;
				GCC_WARN_UNINITIALIZED_AUTOS = YES_AGGRESSIVE;
				GCC_WARN_UNUSED_FUNCTION = YES;
				GCC_WARN_UNUSED_VARIABLE = YES;
				IPHONEOS_DEPLOYMENT_TARGET = 17.0;
				LOCALIZATION_PREFERS_STRING_CATALOGS = YES;
				MTL_ENABLE_DEBUG_INFO = INCLUDE_SOURCE;
				MTL_FAST_MATH = YES;
				ONLY_ACTIVE_ARCH = YES;
				SDKROOT = iphoneos;
				SWIFT_ACTIVE_COMPILATION_CONDITIONS = "DEBUG $(inherited)";
				SWIFT_OPTIMIZATION_LEVEL = "-Onone";
			};
			name = Debug;
		};
		B8726B062AFCAFCC0084B49C /* Release */ = {
			isa = XCBuildConfiguration;
			buildSettings = {
				ALWAYS_SEARCH_USER_PATHS = NO;
				ASSETCATALOG_COMPILER_GENERATE_SWIFT_ASSET_SYMBOL_EXTENSIONS = YES;
				CLANG_ANALYZER_NONNULL = YES;
				CLANG_ANALYZER_NUMBER_OBJECT_CONVERSION = YES_AGGRESSIVE;
				CLANG_CXX_LANGUAGE_STANDARD = "gnu++20";
				CLANG_ENABLE_MODULES = YES;
				CLANG_ENABLE_OBJC_ARC = YES;
				CLANG_ENABLE_OBJC_WEAK = YES;
				CLANG_WARN_BLOCK_CAPTURE_AUTORELEASING = YES;
				CLANG_WARN_BOOL_CONVERSION = YES;
				CLANG_WARN_COMMA = YES;
				CLANG_WARN_CONSTANT_CONVERSION = YES;
				CLANG_WARN_DEPRECATED_OBJC_IMPLEMENTATIONS = YES;
				CLANG_WARN_DIRECT_OBJC_ISA_USAGE = YES_ERROR;
				CLANG_WARN_DOCUMENTATION_COMMENTS = YES;
				CLANG_WARN_EMPTY_BODY = YES;
				CLANG_WARN_ENUM_CONVERSION = YES;
				CLANG_WARN_INFINITE_RECURSION = YES;
				CLANG_WARN_INT_CONVERSION = YES;
				CLANG_WARN_NON_LITERAL_NULL_CONVERSION = YES;
				CLANG_WARN_OBJC_IMPLICIT_RETAIN_SELF = YES;
				CLANG_WARN_OBJC_LITERAL_CONVERSION = YES;
				CLANG_WARN_OBJC_ROOT_CLASS = YES_ERROR;
				CLANG_WARN_QUOTED_INCLUDE_IN_FRAMEWORK_HEADER = YES;
				CLANG_WARN_RANGE_LOOP_ANALYSIS = YES;
				CLANG_WARN_STRICT_PROTOTYPES = YES;
				CLANG_WARN_SUSPICIOUS_MOVE = YES;
				CLANG_WARN_UNGUARDED_AVAILABILITY = YES_AGGRESSIVE;
				CLANG_WARN_UNREACHABLE_CODE = YES;
				CLANG_WARN__DUPLICATE_METHOD_MATCH = YES;
				COPY_PHASE_STRIP = NO;
				DEBUG_INFORMATION_FORMAT = "dwarf-with-dsym";
				ENABLE_NS_ASSERTIONS = NO;
				ENABLE_STRICT_OBJC_MSGSEND = YES;
				ENABLE_USER_SCRIPT_SANDBOXING = YES;
				GCC_C_LANGUAGE_STANDARD = gnu17;
				GCC_NO_COMMON_BLOCKS = YES;
				GCC_WARN_64_TO_32_BIT_CONVERSION = YES;
				GCC_WARN_ABOUT_RETURN_TYPE = YES_ERROR;
				GCC_WARN_UNDECLARED_SELECTOR = YES;
				GCC_WARN_UNINITIALIZED_AUTOS = YES_AGGRESSIVE;
				GCC_WARN_UNUSED_FUNCTION = YES;
				GCC_WARN_UNUSED_VARIABLE = YES;
				IPHONEOS_DEPLOYMENT_TARGET = 17.0;
				LOCALIZATION_PREFERS_STRING_CATALOGS = YES;
				MTL_ENABLE_DEBUG_INFO = NO;
				MTL_FAST_MATH = YES;
				SDKROOT = iphoneos;
				SWIFT_COMPILATION_MODE = wholemodule;
				VALIDATE_PRODUCT = YES;
			};
			name = Release;
		};
		B8726B082AFCAFCC0084B49C /* Debug */ = {
			isa = XCBuildConfiguration;
			buildSettings = {
				ASSETCATALOG_COMPILER_APPICON_NAME = AppIcon;
				ASSETCATALOG_COMPILER_GLOBAL_ACCENT_COLOR_NAME = AccentColor;
				CODE_SIGN_STYLE = Automatic;
				CURRENT_PROJECT_VERSION = 1;
				DEVELOPMENT_TEAM = RCM87YWJ79;
				GENERATE_INFOPLIST_FILE = YES;
				INFOPLIST_FILE = PokemonTypeQuiz/Resources/Info.plist;
				INFOPLIST_KEY_CFBundleDisplayName = "Pokemon Quiz";
				INFOPLIST_KEY_UIApplicationSupportsIndirectInputEvents = YES;
				INFOPLIST_KEY_UILaunchStoryboardName = LaunchScreen;
				INFOPLIST_KEY_UISupportedInterfaceOrientations_iPad = "UIInterfaceOrientationPortrait UIInterfaceOrientationPortraitUpsideDown UIInterfaceOrientationLandscapeLeft UIInterfaceOrientationLandscapeRight";
				INFOPLIST_KEY_UISupportedInterfaceOrientations_iPhone = "UIInterfaceOrientationPortrait UIInterfaceOrientationLandscapeLeft UIInterfaceOrientationLandscapeRight";
				IPHONEOS_DEPLOYMENT_TARGET = 16.0;
				LD_RUNPATH_SEARCH_PATHS = (
					"$(inherited)",
					"@executable_path/Frameworks",
				);
				MARKETING_VERSION = 1.0;
				PRODUCT_BUNDLE_IDENTIFIER = kybeen.PokemonTypeQuiz;
				PRODUCT_NAME = "$(TARGET_NAME)";
				SUPPORTED_PLATFORMS = "iphoneos iphonesimulator";
				SUPPORTS_MACCATALYST = NO;
				SUPPORTS_MAC_DESIGNED_FOR_IPHONE_IPAD = NO;
				SWIFT_EMIT_LOC_STRINGS = YES;
				SWIFT_VERSION = 5.0;
				TARGETED_DEVICE_FAMILY = 1;
			};
			name = Debug;
		};
		B8726B092AFCAFCC0084B49C /* Release */ = {
			isa = XCBuildConfiguration;
			buildSettings = {
				ASSETCATALOG_COMPILER_APPICON_NAME = AppIcon;
				ASSETCATALOG_COMPILER_GLOBAL_ACCENT_COLOR_NAME = AccentColor;
				CODE_SIGN_STYLE = Automatic;
				CURRENT_PROJECT_VERSION = 1;
				DEVELOPMENT_TEAM = RCM87YWJ79;
				GENERATE_INFOPLIST_FILE = YES;
				INFOPLIST_FILE = PokemonTypeQuiz/Resources/Info.plist;
				INFOPLIST_KEY_CFBundleDisplayName = "Pokemon Quiz";
				INFOPLIST_KEY_UIApplicationSupportsIndirectInputEvents = YES;
				INFOPLIST_KEY_UILaunchStoryboardName = LaunchScreen;
				INFOPLIST_KEY_UISupportedInterfaceOrientations_iPad = "UIInterfaceOrientationPortrait UIInterfaceOrientationPortraitUpsideDown UIInterfaceOrientationLandscapeLeft UIInterfaceOrientationLandscapeRight";
				INFOPLIST_KEY_UISupportedInterfaceOrientations_iPhone = "UIInterfaceOrientationPortrait UIInterfaceOrientationLandscapeLeft UIInterfaceOrientationLandscapeRight";
				IPHONEOS_DEPLOYMENT_TARGET = 16.0;
				LD_RUNPATH_SEARCH_PATHS = (
					"$(inherited)",
					"@executable_path/Frameworks",
				);
				MARKETING_VERSION = 1.0;
				PRODUCT_BUNDLE_IDENTIFIER = kybeen.PokemonTypeQuiz;
				PRODUCT_NAME = "$(TARGET_NAME)";
				SUPPORTED_PLATFORMS = "iphoneos iphonesimulator";
				SUPPORTS_MACCATALYST = NO;
				SUPPORTS_MAC_DESIGNED_FOR_IPHONE_IPAD = NO;
				SWIFT_EMIT_LOC_STRINGS = YES;
				SWIFT_VERSION = 5.0;
				TARGETED_DEVICE_FAMILY = 1;
			};
			name = Release;
		};
/* End XCBuildConfiguration section */

/* Begin XCConfigurationList section */
		B8726AEE2AFCAFCB0084B49C /* Build configuration list for PBXProject "PokemonTypeQuiz" */ = {
			isa = XCConfigurationList;
			buildConfigurations = (
				B8726B052AFCAFCC0084B49C /* Debug */,
				B8726B062AFCAFCC0084B49C /* Release */,
			);
			defaultConfigurationIsVisible = 0;
			defaultConfigurationName = Release;
		};
		B8726B072AFCAFCC0084B49C /* Build configuration list for PBXNativeTarget "PokemonTypeQuiz" */ = {
			isa = XCConfigurationList;
			buildConfigurations = (
				B8726B082AFCAFCC0084B49C /* Debug */,
				B8726B092AFCAFCC0084B49C /* Release */,
			);
			defaultConfigurationIsVisible = 0;
			defaultConfigurationName = Release;
		};
/* End XCConfigurationList section */

/* Begin XCRemoteSwiftPackageReference section */
		B82155BA2BB411BD0062111D /* XCRemoteSwiftPackageReference "RxSwift" */ = {
			isa = XCRemoteSwiftPackageReference;
			repositoryURL = "https://github.com/ReactiveX/RxSwift";
			requirement = {
				kind = upToNextMajorVersion;
				minimumVersion = 6.6.0;
			};
		};
		B8726B152AFCC27C0084B49C /* XCRemoteSwiftPackageReference "SnapKit" */ = {
			isa = XCRemoteSwiftPackageReference;
			repositoryURL = "https://github.com/SnapKit/SnapKit";
			requirement = {
				kind = upToNextMajorVersion;
				minimumVersion = 5.6.0;
			};
		};
/* End XCRemoteSwiftPackageReference section */

/* Begin XCSwiftPackageProductDependency section */
		B82155BD2BB411BD0062111D /* RxCocoa */ = {
			isa = XCSwiftPackageProductDependency;
			package = B82155BA2BB411BD0062111D /* XCRemoteSwiftPackageReference "RxSwift" */;
			productName = RxCocoa;
		};
		B82155BF2BB411BD0062111D /* RxRelay */ = {
			isa = XCSwiftPackageProductDependency;
			package = B82155BA2BB411BD0062111D /* XCRemoteSwiftPackageReference "RxSwift" */;
			productName = RxRelay;
		};
		B82155C12BB411BD0062111D /* RxSwift */ = {
			isa = XCSwiftPackageProductDependency;
			package = B82155BA2BB411BD0062111D /* XCRemoteSwiftPackageReference "RxSwift" */;
			productName = RxSwift;
		};
		B8726B162AFCC27C0084B49C /* SnapKit */ = {
			isa = XCSwiftPackageProductDependency;
			package = B8726B152AFCC27C0084B49C /* XCRemoteSwiftPackageReference "SnapKit" */;
			productName = SnapKit;
		};
/* End XCSwiftPackageProductDependency section */
	};
	rootObject = B8726AEB2AFCAFCB0084B49C /* Project object */;
}
